github.com/go-sql-driver/mysql v1.5.0 h1:ozyZYNQW3x3HtqT1jira07DN2PArx2v7/mN66gGcHOs=
github.com/go-sql-driver/mysql v1.5.0/go.mod h1:DCzpHaOWr8IXmIStZouvnhqoel9Qv2LBy8hT2VhHyBg=
github.com/gorilla/websocket v1.4.1/go.mod h1:YR8l580nyteQvAITg2hZ9XVh4b55+EU/adAjf1fMHhE=
github.com/jhunt/go-ansi v0.0.0-20181127194324-5fd839f108b6 h1:qAlBkfBj+4aW68SdlhlAiWx+hy7vmchlcAZQRAJFhFI=
github.com/jhunt/go-ansi v0.0.0-20181127194324-5fd839f108b6/go.mod h1:zx5sSmwzYAXhfPcRBU7SuiAwK+8vC/LTgAoHyJiclzI=
github.com/jhunt/go-log v0.0.0-20171024033145-ddc1e3b8ed30 h1:uWIN5FcXeUrXtbR3plzgVsuw4k8L5r+Smi36N2RJ9LQ=
github.com/jhunt/go-log v0.0.0-20171024033145-ddc1e3b8ed30/go.mod h1:z31eqIvUKnaxVg8+6/8AuJQVa7Fd5EzvOGJg1a88DPI=
github.com/jhunt/go-route v0.0.0-20200616005108-344a88120f90 h1:9eacyBA3KpX2Aaa3JvnO9a/rMSn3EvkP3eRiw7Tprgs=
github.com/jhunt/go-route v0.0.0-20200616005108-344a88120f90/go.mod h1:gzhIrL8pMIdzl2Bo6IUkzBnZU1U5XaQIBSKU67ClF0s=
github.com/jhunt/vcaptive v0.0.0-20190330221511-a1b4af624bb5 h1:hhVUcutkbu5aR1RXtLmvIyoztCFWGm5Z1q2c42uz/p4=
github.com/jhunt/vcaptive v0.0.0-20190330221511-a1b4af624bb5/go.mod h1:mYJ7WkfqBMz9i0zdco8b35NNt7/IcyuaEn2QLxHAkHw=
github.com/jinzhu/inflection v1.0.0 h1:K317FqzuhWc8YvSVlFMCCUb36O/S9MCKRDI7QkRKD/E=
github.com/jinzhu/inflection v1.0.0/go.mod h1:h+uFLlag+Qp1Va5pdKtLDYj+kHp5pxUVkryuEj+Srlc=
github.com/jinzhu/now v1.1.1 h1:g39TucaRWyV3dwDO++eEc6qf8TVIQ/Da48WmqjZ3i7E=
github.com/jinzhu/now v1.1.1/go.mod h1:d3SSVoowX0Lcu0IBviAWJpolVfI5UJVZZ7cO71lE/z8=
github.com/mattn/go-isatty v0.0.12 h1:wuysRhFDzyxgEmMf5xjvJ2M9dZoWAXNNr5LSBS7uHXY=
github.com/mattn/go-isatty v0.0.12/go.mod h1:cbi8OIDigv2wuxKPP5vlRcQ1OAZbq2CE4Kysco4FUpU=
github.com/rs/cors v1.7.0 h1:+88SsELBHx5r+hZ8TCkggzSstaWNbDvThkVK8H6f9ik=
github.com/rs/cors v1.7.0/go.mod h1:gFx+x8UowdsKA9AchylcLynDq+nNFfI8FkUZdN/jGCU=
golang.org/x/sys v0.0.0-20200116001909-b77594299b42 h1:vEOn+mP2zCOVzKckCZy6YsCtDblrpj/w7B9nxGNELpg=
golang.org/x/sys v0.0.0-20200116001909-b77594299b42/go.mod h1:h1NjWce9XRLGQEsW7wpKNCjG9DtNlClVuFLEZdDNbEs=
gorm.io/driver/mysql v1.0.2 h1:xm21Um8cR/Cg+nMwSrajf8aBUxOIC+WmH72ir/ByYR8=
gorm.io/driver/mysql v1.0.2/go.mod h1:T+Fv7Rq/8+lpS3X1KKVUbj8Y/SzbPa5esK9KpPAKXR8=
gorm.io/gorm v1.20.2 h1:bZzSEnq7NDGsrd+n3evOOedDrY5oLM5QPlCjZJUK2ro=
gorm.io/gorm v1.20.2/go.mod h1:0HFTzE/SqkGTzK6TlDPPQbAYCluiVvhzoA1+aVyzenw=
